// !$*UTF8*$!
{
	archiveVersion = 1;
	classes = {
	};
	objectVersion = 50;
	objects = {

/* Begin PBXBuildFile section */
		1B57492B9C89B17077E1D446 /* libPods-ARKitDemo.a in Frameworks */ = {isa = PBXBuildFile; fileRef = 9597289B2EBB83F2679EC76A /* libPods-ARKitDemo.a */; };
		84F948EA26D73328004FAD65 /* AppDelegate.swift in Sources */ = {isa = PBXBuildFile; fileRef = 84F948E926D73328004FAD65 /* AppDelegate.swift */; };
		84F948EC26D73328004FAD65 /* art.scnassets in Resources */ = {isa = PBXBuildFile; fileRef = 84F948EB26D73328004FAD65 /* art.scnassets */; };
		84F948F326D7332A004FAD65 /* Assets.xcassets in Resources */ = {isa = PBXBuildFile; fileRef = 84F948F226D7332A004FAD65 /* Assets.xcassets */; };
		84F948F626D7332A004FAD65 /* LaunchScreen.storyboard in Resources */ = {isa = PBXBuildFile; fileRef = 84F948F426D7332A004FAD65 /* LaunchScreen.storyboard */; };
		84F9490126D7332A004FAD65 /* ARKitDemoTests.swift in Sources */ = {isa = PBXBuildFile; fileRef = 84F9490026D7332A004FAD65 /* ARKitDemoTests.swift */; };
		84F9490C26D7332A004FAD65 /* ARKitDemoUITests.swift in Sources */ = {isa = PBXBuildFile; fileRef = 84F9490B26D7332A004FAD65 /* ARKitDemoUITests.swift */; };
		84F9493826D73359004FAD65 /* YXBaseNavigationVC.swift in Sources */ = {isa = PBXBuildFile; fileRef = 84F9491B26D73358004FAD65 /* YXBaseNavigationVC.swift */; };
		84F9493926D73359004FAD65 /* YXBaseVC.swift in Sources */ = {isa = PBXBuildFile; fileRef = 84F9491C26D73358004FAD65 /* YXBaseVC.swift */; };
		84F9493A26D73359004FAD65 /* YXBaseTabBar.swift in Sources */ = {isa = PBXBuildFile; fileRef = 84F9491D26D73358004FAD65 /* YXBaseTabBar.swift */; };
		84F9493B26D73359004FAD65 /* YXBaseTabBarItemModel.swift in Sources */ = {isa = PBXBuildFile; fileRef = 84F9491F26D73358004FAD65 /* YXBaseTabBarItemModel.swift */; };
		84F9493C26D73359004FAD65 /* YXBaseTabBarView.swift in Sources */ = {isa = PBXBuildFile; fileRef = 84F9492126D73358004FAD65 /* YXBaseTabBarView.swift */; };
		84F9493D26D73359004FAD65 /* YXBaseNavigationView.swift in Sources */ = {isa = PBXBuildFile; fileRef = 84F9492226D73358004FAD65 /* YXBaseNavigationView.swift */; };
		84F9493E26D73359004FAD65 /* YXBaseTabBarItemView.swift in Sources */ = {isa = PBXBuildFile; fileRef = 84F9492326D73358004FAD65 /* YXBaseTabBarItemView.swift */; };
		84F9493F26D73359004FAD65 /* YXAlertViewControllerFadeAnimation.swift in Sources */ = {isa = PBXBuildFile; fileRef = 84F9492726D73358004FAD65 /* YXAlertViewControllerFadeAnimation.swift */; };
		84F9494026D73359004FAD65 /* YXAlertViewController.swift in Sources */ = {isa = PBXBuildFile; fileRef = 84F9492826D73358004FAD65 /* YXAlertViewController.swift */; };
		84F9494126D73359004FAD65 /* YXAlertViewControllerBaseAnimation.swift in Sources */ = {isa = PBXBuildFile; fileRef = 84F9492926D73358004FAD65 /* YXAlertViewControllerBaseAnimation.swift */; };
		84F9494226D73359004FAD65 /* YXAlertViewControllerAutoLayout.swift in Sources */ = {isa = PBXBuildFile; fileRef = 84F9492A26D73358004FAD65 /* YXAlertViewControllerAutoLayout.swift */; };
		84F9494326D73359004FAD65 /* YXAlertViewControllerTransitionAnimation.swift in Sources */ = {isa = PBXBuildFile; fileRef = 84F9492B26D73358004FAD65 /* YXAlertViewControllerTransitionAnimation.swift */; };
		84F9494426D73359004FAD65 /* YXAlertViewControllerDropDownAnimation.swift in Sources */ = {isa = PBXBuildFile; fileRef = 84F9492C26D73358004FAD65 /* YXAlertViewControllerDropDownAnimation.swift */; };
		84F9494526D73359004FAD65 /* YXAlertViewControllerScaleFadeAnimation.swift in Sources */ = {isa = PBXBuildFile; fileRef = 84F9492D26D73358004FAD65 /* YXAlertViewControllerScaleFadeAnimation.swift */; };
		84F9494626D73359004FAD65 /* YXSizeCategory.swift in Sources */ = {isa = PBXBuildFile; fileRef = 84F9493026D73358004FAD65 /* YXSizeCategory.swift */; };
		84F9494726D73359004FAD65 /* YXColorCategory.swift in Sources */ = {isa = PBXBuildFile; fileRef = 84F9493226D73358004FAD65 /* YXColorCategory.swift */; };
		84F9494826D73359004FAD65 /* YXWorldBullet.swift in Sources */ = {isa = PBXBuildFile; fileRef = 84F9493526D73359004FAD65 /* YXWorldBullet.swift */; };
		84F9494926D73359004FAD65 /* YXWorldVC.swift in Sources */ = {isa = PBXBuildFile; fileRef = 84F9493626D73359004FAD65 /* YXWorldVC.swift */; };
		84F9494A26D73359004FAD65 /* YXWorldShip.swift in Sources */ = {isa = PBXBuildFile; fileRef = 84F9493726D73359004FAD65 /* YXWorldShip.swift */; };
/* End PBXBuildFile section */

/* Begin PBXContainerItemProxy section */
		84F948FD26D7332A004FAD65 /* PBXContainerItemProxy */ = {
			isa = PBXContainerItemProxy;
			containerPortal = 84F948DE26D73328004FAD65 /* Project object */;
			proxyType = 1;
			remoteGlobalIDString = 84F948E526D73328004FAD65;
			remoteInfo = ARKitDemo;
		};
		84F9490826D7332A004FAD65 /* PBXContainerItemProxy */ = {
			isa = PBXContainerItemProxy;
			containerPortal = 84F948DE26D73328004FAD65 /* Project object */;
			proxyType = 1;
			remoteGlobalIDString = 84F948E526D73328004FAD65;
			remoteInfo = ARKitDemo;
		};
/* End PBXContainerItemProxy section */

/* Begin PBXFileReference section */
		409F5CCDD6F1910EACBFAD03 /* Pods-ARKitDemo.release.xcconfig */ = {isa = PBXFileReference; includeInIndex = 1; lastKnownFileType = text.xcconfig; name = "Pods-ARKitDemo.release.xcconfig"; path = "Target Support Files/Pods-ARKitDemo/Pods-ARKitDemo.release.xcconfig"; sourceTree = "<group>"; };
		57823DFF1D6F6A2B291E4B1D /* Pods-ARKitDemo.debug.xcconfig */ = {isa = PBXFileReference; includeInIndex = 1; lastKnownFileType = text.xcconfig; name = "Pods-ARKitDemo.debug.xcconfig"; path = "Target Support Files/Pods-ARKitDemo/Pods-ARKitDemo.debug.xcconfig"; sourceTree = "<group>"; };
		84F948E626D73328004FAD65 /* ARKitDemo.app */ = {isa = PBXFileReference; explicitFileType = wrapper.application; includeInIndex = 0; path = ARKitDemo.app; sourceTree = BUILT_PRODUCTS_DIR; };
		84F948E926D73328004FAD65 /* AppDelegate.swift */ = {isa = PBXFileReference; lastKnownFileType = sourcecode.swift; path = AppDelegate.swift; sourceTree = "<group>"; };
		84F948EB26D73328004FAD65 /* art.scnassets */ = {isa = PBXFileReference; lastKnownFileType = wrapper.scnassets; path = art.scnassets; sourceTree = "<group>"; };
		84F948F226D7332A004FAD65 /* Assets.xcassets */ = {isa = PBXFileReference; lastKnownFileType = folder.assetcatalog; path = Assets.xcassets; sourceTree = "<group>"; };
		84F948F526D7332A004FAD65 /* Base */ = {isa = PBXFileReference; lastKnownFileType = file.storyboard; name = Base; path = Base.lproj/LaunchScreen.storyboard; sourceTree = "<group>"; };
		84F948F726D7332A004FAD65 /* Info.plist */ = {isa = PBXFileReference; lastKnownFileType = text.plist.xml; path = Info.plist; sourceTree = "<group>"; };
		84F948FC26D7332A004FAD65 /* ARKitDemoTests.xctest */ = {isa = PBXFileReference; explicitFileType = wrapper.cfbundle; includeInIndex = 0; path = ARKitDemoTests.xctest; sourceTree = BUILT_PRODUCTS_DIR; };
		84F9490026D7332A004FAD65 /* ARKitDemoTests.swift */ = {isa = PBXFileReference; lastKnownFileType = sourcecode.swift; path = ARKitDemoTests.swift; sourceTree = "<group>"; };
		84F9490226D7332A004FAD65 /* Info.plist */ = {isa = PBXFileReference; lastKnownFileType = text.plist.xml; path = Info.plist; sourceTree = "<group>"; };
		84F9490726D7332A004FAD65 /* ARKitDemoUITests.xctest */ = {isa = PBXFileReference; explicitFileType = wrapper.cfbundle; includeInIndex = 0; path = ARKitDemoUITests.xctest; sourceTree = BUILT_PRODUCTS_DIR; };
		84F9490B26D7332A004FAD65 /* ARKitDemoUITests.swift */ = {isa = PBXFileReference; lastKnownFileType = sourcecode.swift; path = ARKitDemoUITests.swift; sourceTree = "<group>"; };
		84F9490D26D7332A004FAD65 /* Info.plist */ = {isa = PBXFileReference; lastKnownFileType = text.plist.xml; path = Info.plist; sourceTree = "<group>"; };
		84F9491B26D73358004FAD65 /* YXBaseNavigationVC.swift */ = {isa = PBXFileReference; fileEncoding = 4; lastKnownFileType = sourcecode.swift; path = YXBaseNavigationVC.swift; sourceTree = "<group>"; };
		84F9491C26D73358004FAD65 /* YXBaseVC.swift */ = {isa = PBXFileReference; fileEncoding = 4; lastKnownFileType = sourcecode.swift; path = YXBaseVC.swift; sourceTree = "<group>"; };
		84F9491D26D73358004FAD65 /* YXBaseTabBar.swift */ = {isa = PBXFileReference; fileEncoding = 4; lastKnownFileType = sourcecode.swift; path = YXBaseTabBar.swift; sourceTree = "<group>"; };
		84F9491F26D73358004FAD65 /* YXBaseTabBarItemModel.swift */ = {isa = PBXFileReference; fileEncoding = 4; lastKnownFileType = sourcecode.swift; path = YXBaseTabBarItemModel.swift; sourceTree = "<group>"; };
		84F9492126D73358004FAD65 /* YXBaseTabBarView.swift */ = {isa = PBXFileReference; fileEncoding = 4; lastKnownFileType = sourcecode.swift; path = YXBaseTabBarView.swift; sourceTree = "<group>"; };
		84F9492226D73358004FAD65 /* YXBaseNavigationView.swift */ = {isa = PBXFileReference; fileEncoding = 4; lastKnownFileType = sourcecode.swift; path = YXBaseNavigationView.swift; sourceTree = "<group>"; };
		84F9492326D73358004FAD65 /* YXBaseTabBarItemView.swift */ = {isa = PBXFileReference; fileEncoding = 4; lastKnownFileType = sourcecode.swift; path = YXBaseTabBarItemView.swift; sourceTree = "<group>"; };
		84F9492726D73358004FAD65 /* YXAlertViewControllerFadeAnimation.swift */ = {isa = PBXFileReference; fileEncoding = 4; lastKnownFileType = sourcecode.swift; path = YXAlertViewControllerFadeAnimation.swift; sourceTree = "<group>"; };
		84F9492826D73358004FAD65 /* YXAlertViewController.swift */ = {isa = PBXFileReference; fileEncoding = 4; lastKnownFileType = sourcecode.swift; path = YXAlertViewController.swift; sourceTree = "<group>"; };
		84F9492926D73358004FAD65 /* YXAlertViewControllerBaseAnimation.swift */ = {isa = PBXFileReference; fileEncoding = 4; lastKnownFileType = sourcecode.swift; path = YXAlertViewControllerBaseAnimation.swift; sourceTree = "<group>"; };
		84F9492A26D73358004FAD65 /* YXAlertViewControllerAutoLayout.swift */ = {isa = PBXFileReference; fileEncoding = 4; lastKnownFileType = sourcecode.swift; path = YXAlertViewControllerAutoLayout.swift; sourceTree = "<group>"; };
		84F9492B26D73358004FAD65 /* YXAlertViewControllerTransitionAnimation.swift */ = {isa = PBXFileReference; fileEncoding = 4; lastKnownFileType = sourcecode.swift; path = YXAlertViewControllerTransitionAnimation.swift; sourceTree = "<group>"; };
		84F9492C26D73358004FAD65 /* YXAlertViewControllerDropDownAnimation.swift */ = {isa = PBXFileReference; fileEncoding = 4; lastKnownFileType = sourcecode.swift; path = YXAlertViewControllerDropDownAnimation.swift; sourceTree = "<group>"; };
		84F9492D26D73358004FAD65 /* YXAlertViewControllerScaleFadeAnimation.swift */ = {isa = PBXFileReference; fileEncoding = 4; lastKnownFileType = sourcecode.swift; path = YXAlertViewControllerScaleFadeAnimation.swift; sourceTree = "<group>"; };
		84F9493026D73358004FAD65 /* YXSizeCategory.swift */ = {isa = PBXFileReference; fileEncoding = 4; lastKnownFileType = sourcecode.swift; path = YXSizeCategory.swift; sourceTree = "<group>"; };
		84F9493226D73358004FAD65 /* YXColorCategory.swift */ = {isa = PBXFileReference; fileEncoding = 4; lastKnownFileType = sourcecode.swift; path = YXColorCategory.swift; sourceTree = "<group>"; };
		84F9493526D73359004FAD65 /* YXWorldBullet.swift */ = {isa = PBXFileReference; fileEncoding = 4; lastKnownFileType = sourcecode.swift; path = YXWorldBullet.swift; sourceTree = "<group>"; };
		84F9493626D73359004FAD65 /* YXWorldVC.swift */ = {isa = PBXFileReference; fileEncoding = 4; lastKnownFileType = sourcecode.swift; path = YXWorldVC.swift; sourceTree = "<group>"; };
		84F9493726D73359004FAD65 /* YXWorldShip.swift */ = {isa = PBXFileReference; fileEncoding = 4; lastKnownFileType = sourcecode.swift; path = YXWorldShip.swift; sourceTree = "<group>"; };
		9597289B2EBB83F2679EC76A /* libPods-ARKitDemo.a */ = {isa = PBXFileReference; explicitFileType = archive.ar; includeInIndex = 0; path = "libPods-ARKitDemo.a"; sourceTree = BUILT_PRODUCTS_DIR; };
/* End PBXFileReference section */

/* Begin PBXFrameworksBuildPhase section */
		84F948E326D73328004FAD65 /* Frameworks */ = {
			isa = PBXFrameworksBuildPhase;
			buildActionMask = 2147483647;
			files = (
				1B57492B9C89B17077E1D446 /* libPods-ARKitDemo.a in Frameworks */,
			);
			runOnlyForDeploymentPostprocessing = 0;
		};
		84F948F926D7332A004FAD65 /* Frameworks */ = {
			isa = PBXFrameworksBuildPhase;
			buildActionMask = 2147483647;
			files = (
			);
			runOnlyForDeploymentPostprocessing = 0;
		};
		84F9490426D7332A004FAD65 /* Frameworks */ = {
			isa = PBXFrameworksBuildPhase;
			buildActionMask = 2147483647;
			files = (
			);
			runOnlyForDeploymentPostprocessing = 0;
		};
/* End PBXFrameworksBuildPhase section */

/* Begin PBXGroup section */
		69E3289EFF770D029555E77C /* Pods */ = {
			isa = PBXGroup;
			children = (
				57823DFF1D6F6A2B291E4B1D /* Pods-ARKitDemo.debug.xcconfig */,
				409F5CCDD6F1910EACBFAD03 /* Pods-ARKitDemo.release.xcconfig */,
			);
			path = Pods;
			sourceTree = "<group>";
		};
		7B1BB20B795ADC4D0CFF5CB5 /* Frameworks */ = {
			isa = PBXGroup;
			children = (
				9597289B2EBB83F2679EC76A /* libPods-ARKitDemo.a */,
			);
			name = Frameworks;
			sourceTree = "<group>";
		};
		84F948DD26D73328004FAD65 = {
			isa = PBXGroup;
			children = (
				84F948E826D73328004FAD65 /* ARKitDemo */,
				84F948FF26D7332A004FAD65 /* ARKitDemoTests */,
				84F9490A26D7332A004FAD65 /* ARKitDemoUITests */,
				84F948E726D73328004FAD65 /* Products */,
				69E3289EFF770D029555E77C /* Pods */,
				7B1BB20B795ADC4D0CFF5CB5 /* Frameworks */,
			);
			sourceTree = "<group>";
		};
		84F948E726D73328004FAD65 /* Products */ = {
			isa = PBXGroup;
			children = (
				84F948E626D73328004FAD65 /* ARKitDemo.app */,
				84F948FC26D7332A004FAD65 /* ARKitDemoTests.xctest */,
				84F9490726D7332A004FAD65 /* ARKitDemoUITests.xctest */,
			);
			name = Products;
			sourceTree = "<group>";
		};
		84F948E826D73328004FAD65 /* ARKitDemo */ = {
			isa = PBXGroup;
			children = (
				84F9491926D73358004FAD65 /* Base */,
				84F9492426D73358004FAD65 /* Common */,
				84F9493326D73359004FAD65 /* WorldModule */,
				84F9494B26D7336C004FAD65 /* FaceModule */,
				84F948E926D73328004FAD65 /* AppDelegate.swift */,
				84F948EB26D73328004FAD65 /* art.scnassets */,
				84F948F226D7332A004FAD65 /* Assets.xcassets */,
				84F948F426D7332A004FAD65 /* LaunchScreen.storyboard */,
				84F948F726D7332A004FAD65 /* Info.plist */,
			);
			path = ARKitDemo;
			sourceTree = "<group>";
		};
		84F948FF26D7332A004FAD65 /* ARKitDemoTests */ = {
			isa = PBXGroup;
			children = (
				84F9490026D7332A004FAD65 /* ARKitDemoTests.swift */,
				84F9490226D7332A004FAD65 /* Info.plist */,
			);
			path = ARKitDemoTests;
			sourceTree = "<group>";
		};
		84F9490A26D7332A004FAD65 /* ARKitDemoUITests */ = {
			isa = PBXGroup;
			children = (
				84F9490B26D7332A004FAD65 /* ARKitDemoUITests.swift */,
				84F9490D26D7332A004FAD65 /* Info.plist */,
			);
			path = ARKitDemoUITests;
			sourceTree = "<group>";
		};
		84F9491926D73358004FAD65 /* Base */ = {
			isa = PBXGroup;
			children = (
				84F9491A26D73358004FAD65 /* Controller */,
				84F9491E26D73358004FAD65 /* Model */,
				84F9492026D73358004FAD65 /* View */,
			);
			path = Base;
			sourceTree = "<group>";
		};
		84F9491A26D73358004FAD65 /* Controller */ = {
			isa = PBXGroup;
			children = (
				84F9491B26D73358004FAD65 /* YXBaseNavigationVC.swift */,
				84F9491D26D73358004FAD65 /* YXBaseTabBar.swift */,
				84F9491C26D73358004FAD65 /* YXBaseVC.swift */,
			);
			path = Controller;
			sourceTree = "<group>";
		};
		84F9491E26D73358004FAD65 /* Model */ = {
			isa = PBXGroup;
			children = (
				84F9491F26D73358004FAD65 /* YXBaseTabBarItemModel.swift */,
			);
			path = Model;
			sourceTree = "<group>";
		};
		84F9492026D73358004FAD65 /* View */ = {
			isa = PBXGroup;
			children = (
				84F9492226D73358004FAD65 /* YXBaseNavigationView.swift */,
				84F9492326D73358004FAD65 /* YXBaseTabBarItemView.swift */,
				84F9492126D73358004FAD65 /* YXBaseTabBarView.swift */,
			);
			path = View;
			sourceTree = "<group>";
		};
		84F9492426D73358004FAD65 /* Common */ = {
			isa = PBXGroup;
			children = (
				84F9492526D73358004FAD65 /* YXTools */,
				84F9492E26D73358004FAD65 /* YXCategorys */,
			);
			path = Common;
			sourceTree = "<group>";
		};
		84F9492526D73358004FAD65 /* YXTools */ = {
			isa = PBXGroup;
			children = (
				84F9492626D73358004FAD65 /* YXAlertViewController */,
			);
			path = YXTools;
			sourceTree = "<group>";
		};
		84F9492626D73358004FAD65 /* YXAlertViewController */ = {
			isa = PBXGroup;
			children = (
				84F9492826D73358004FAD65 /* YXAlertViewController.swift */,
				84F9492A26D73358004FAD65 /* YXAlertViewControllerAutoLayout.swift */,
				84F9492926D73358004FAD65 /* YXAlertViewControllerBaseAnimation.swift */,
				84F9492C26D73358004FAD65 /* YXAlertViewControllerDropDownAnimation.swift */,
				84F9492726D73358004FAD65 /* YXAlertViewControllerFadeAnimation.swift */,
				84F9492D26D73358004FAD65 /* YXAlertViewControllerScaleFadeAnimation.swift */,
				84F9492B26D73358004FAD65 /* YXAlertViewControllerTransitionAnimation.swift */,
			);
			path = YXAlertViewController;
			sourceTree = "<group>";
		};
		84F9492E26D73358004FAD65 /* YXCategorys */ = {
			isa = PBXGroup;
			children = (
				84F9492F26D73358004FAD65 /* YXCategoryNSObject */,
				84F9493126D73358004FAD65 /* YXCategoryColor */,
			);
			path = YXCategorys;
			sourceTree = "<group>";
		};
		84F9492F26D73358004FAD65 /* YXCategoryNSObject */ = {
			isa = PBXGroup;
			children = (
				84F9493026D73358004FAD65 /* YXSizeCategory.swift */,
			);
			path = YXCategoryNSObject;
			sourceTree = "<group>";
		};
		84F9493126D73358004FAD65 /* YXCategoryColor */ = {
			isa = PBXGroup;
			children = (
				84F9493226D73358004FAD65 /* YXColorCategory.swift */,
			);
			path = YXCategoryColor;
			sourceTree = "<group>";
		};
		84F9493326D73359004FAD65 /* WorldModule */ = {
			isa = PBXGroup;
			children = (
				84F9493426D73359004FAD65 /* Controller */,
			);
			path = WorldModule;
			sourceTree = "<group>";
		};
		84F9493426D73359004FAD65 /* Controller */ = {
			isa = PBXGroup;
			children = (
				84F9493626D73359004FAD65 /* YXWorldVC.swift */,
				84F9493526D73359004FAD65 /* YXWorldBullet.swift */,
				84F9493726D73359004FAD65 /* YXWorldShip.swift */,
			);
			path = Controller;
			sourceTree = "<group>";
		};
		84F9494B26D7336C004FAD65 /* FaceModule */ = {
			isa = PBXGroup;
			children = (
			);
			path = FaceModule;
			sourceTree = "<group>";
		};
/* End PBXGroup section */

/* Begin PBXNativeTarget section */
		84F948E526D73328004FAD65 /* ARKitDemo */ = {
			isa = PBXNativeTarget;
			buildConfigurationList = 84F9491026D7332A004FAD65 /* Build configuration list for PBXNativeTarget "ARKitDemo" */;
			buildPhases = (
				C231F20B78574F783FE2003C /* [CP] Check Pods Manifest.lock */,
				84F948E226D73328004FAD65 /* Sources */,
				84F948E326D73328004FAD65 /* Frameworks */,
				84F948E426D73328004FAD65 /* Resources */,
			);
			buildRules = (
			);
			dependencies = (
			);
			name = ARKitDemo;
			productName = ARKitDemo;
			productReference = 84F948E626D73328004FAD65 /* ARKitDemo.app */;
			productType = "com.apple.product-type.application";
		};
		84F948FB26D7332A004FAD65 /* ARKitDemoTests */ = {
			isa = PBXNativeTarget;
			buildConfigurationList = 84F9491326D7332A004FAD65 /* Build configuration list for PBXNativeTarget "ARKitDemoTests" */;
			buildPhases = (
				84F948F826D7332A004FAD65 /* Sources */,
				84F948F926D7332A004FAD65 /* Frameworks */,
				84F948FA26D7332A004FAD65 /* Resources */,
			);
			buildRules = (
			);
			dependencies = (
				84F948FE26D7332A004FAD65 /* PBXTargetDependency */,
			);
			name = ARKitDemoTests;
			productName = ARKitDemoTests;
			productReference = 84F948FC26D7332A004FAD65 /* ARKitDemoTests.xctest */;
			productType = "com.apple.product-type.bundle.unit-test";
		};
		84F9490626D7332A004FAD65 /* ARKitDemoUITests */ = {
			isa = PBXNativeTarget;
			buildConfigurationList = 84F9491626D7332A004FAD65 /* Build configuration list for PBXNativeTarget "ARKitDemoUITests" */;
			buildPhases = (
				84F9490326D7332A004FAD65 /* Sources */,
				84F9490426D7332A004FAD65 /* Frameworks */,
				84F9490526D7332A004FAD65 /* Resources */,
			);
			buildRules = (
			);
			dependencies = (
				84F9490926D7332A004FAD65 /* PBXTargetDependency */,
			);
			name = ARKitDemoUITests;
			productName = ARKitDemoUITests;
			productReference = 84F9490726D7332A004FAD65 /* ARKitDemoUITests.xctest */;
			productType = "com.apple.product-type.bundle.ui-testing";
		};
/* End PBXNativeTarget section */

/* Begin PBXProject section */
		84F948DE26D73328004FAD65 /* Project object */ = {
			isa = PBXProject;
			attributes = {
				LastSwiftUpdateCheck = 1250;
				LastUpgradeCheck = 1250;
				TargetAttributes = {
					84F948E526D73328004FAD65 = {
						CreatedOnToolsVersion = 12.5.1;
					};
					84F948FB26D7332A004FAD65 = {
						CreatedOnToolsVersion = 12.5.1;
						TestTargetID = 84F948E526D73328004FAD65;
					};
					84F9490626D7332A004FAD65 = {
						CreatedOnToolsVersion = 12.5.1;
						TestTargetID = 84F948E526D73328004FAD65;
					};
				};
			};
			buildConfigurationList = 84F948E126D73328004FAD65 /* Build configuration list for PBXProject "ARKitDemo" */;
			compatibilityVersion = "Xcode 9.3";
			developmentRegion = en;
			hasScannedForEncodings = 0;
			knownRegions = (
				en,
				Base,
			);
			mainGroup = 84F948DD26D73328004FAD65;
			productRefGroup = 84F948E726D73328004FAD65 /* Products */;
			projectDirPath = "";
			projectRoot = "";
			targets = (
				84F948E526D73328004FAD65 /* ARKitDemo */,
				84F948FB26D7332A004FAD65 /* ARKitDemoTests */,
				84F9490626D7332A004FAD65 /* ARKitDemoUITests */,
			);
		};
/* End PBXProject section */

/* Begin PBXResourcesBuildPhase section */
		84F948E426D73328004FAD65 /* Resources */ = {
			isa = PBXResourcesBuildPhase;
			buildActionMask = 2147483647;
			files = (
				84F948EC26D73328004FAD65 /* art.scnassets in Resources */,
				84F948F626D7332A004FAD65 /* LaunchScreen.storyboard in Resources */,
				84F948F326D7332A004FAD65 /* Assets.xcassets in Resources */,
			);
			runOnlyForDeploymentPostprocessing = 0;
		};
		84F948FA26D7332A004FAD65 /* Resources */ = {
			isa = PBXResourcesBuildPhase;
			buildActionMask = 2147483647;
			files = (
			);
			runOnlyForDeploymentPostprocessing = 0;
		};
		84F9490526D7332A004FAD65 /* Resources */ = {
			isa = PBXResourcesBuildPhase;
			buildActionMask = 2147483647;
			files = (
			);
			runOnlyForDeploymentPostprocessing = 0;
		};
/* End PBXResourcesBuildPhase section */

/* Begin PBXShellScriptBuildPhase section */
		C231F20B78574F783FE2003C /* [CP] Check Pods Manifest.lock */ = {
			isa = PBXShellScriptBuildPhase;
			buildActionMask = 2147483647;
			files = (
			);
			inputFileListPaths = (
			);
			inputPaths = (
				"${PODS_PODFILE_DIR_PATH}/Podfile.lock",
				"${PODS_ROOT}/Manifest.lock",
			);
			name = "[CP] Check Pods Manifest.lock";
			outputFileListPaths = (
			);
			outputPaths = (
				"$(DERIVED_FILE_DIR)/Pods-ARKitDemo-checkManifestLockResult.txt",
			);
			runOnlyForDeploymentPostprocessing = 0;
			shellPath = /bin/sh;
			shellScript = "diff \"${PODS_PODFILE_DIR_PATH}/Podfile.lock\" \"${PODS_ROOT}/Manifest.lock\" > /dev/null\nif [ $? != 0 ] ; then\n    # print error to STDERR\n    echo \"error: The sandbox is not in sync with the Podfile.lock. Run 'pod install' or update your CocoaPods installation.\" >&2\n    exit 1\nfi\n# This output is used by Xcode 'outputs' to avoid re-running this script phase.\necho \"SUCCESS\" > \"${SCRIPT_OUTPUT_FILE_0}\"\n";
			showEnvVarsInLog = 0;
		};
/* End PBXShellScriptBuildPhase section */

/* Begin PBXSourcesBuildPhase section */
		84F948E226D73328004FAD65 /* Sources */ = {
			isa = PBXSourcesBuildPhase;
			buildActionMask = 2147483647;
			files = (
				84F9494026D73359004FAD65 /* YXAlertViewController.swift in Sources */,
				84F9493A26D73359004FAD65 /* YXBaseTabBar.swift in Sources */,
				84F948EA26D73328004FAD65 /* AppDelegate.swift in Sources */,
				84F9493C26D73359004FAD65 /* YXBaseTabBarView.swift in Sources */,
				84F9493E26D73359004FAD65 /* YXBaseTabBarItemView.swift in Sources */,
				84F9493D26D73359004FAD65 /* YXBaseNavigationView.swift in Sources */,
				84F9494826D73359004FAD65 /* YXWorldBullet.swift in Sources */,
				84F9493926D73359004FAD65 /* YXBaseVC.swift in Sources */,
				84F9494A26D73359004FAD65 /* YXWorldShip.swift in Sources */,
				84F9494526D73359004FAD65 /* YXAlertViewControllerScaleFadeAnimation.swift in Sources */,
				84F9494326D73359004FAD65 /* YXAlertViewControllerTransitionAnimation.swift in Sources */,
				84F9493F26D73359004FAD65 /* YXAlertViewControllerFadeAnimation.swift in Sources */,
				84F9494926D73359004FAD65 /* YXWorldVC.swift in Sources */,
				84F9494626D73359004FAD65 /* YXSizeCategory.swift in Sources */,
				84F9494726D73359004FAD65 /* YXColorCategory.swift in Sources */,
				84F9494426D73359004FAD65 /* YXAlertViewControllerDropDownAnimation.swift in Sources */,
				84F9493B26D73359004FAD65 /* YXBaseTabBarItemModel.swift in Sources */,
				84F9494126D73359004FAD65 /* YXAlertViewControllerBaseAnimation.swift in Sources */,
				84F9494226D73359004FAD65 /* YXAlertViewControllerAutoLayout.swift in Sources */,
				84F9493826D73359004FAD65 /* YXBaseNavigationVC.swift in Sources */,
			);
			runOnlyForDeploymentPostprocessing = 0;
		};
		84F948F826D7332A004FAD65 /* Sources */ = {
			isa = PBXSourcesBuildPhase;
			buildActionMask = 2147483647;
			files = (
				84F9490126D7332A004FAD65 /* ARKitDemoTests.swift in Sources */,
			);
			runOnlyForDeploymentPostprocessing = 0;
		};
		84F9490326D7332A004FAD65 /* Sources */ = {
			isa = PBXSourcesBuildPhase;
			buildActionMask = 2147483647;
			files = (
				84F9490C26D7332A004FAD65 /* ARKitDemoUITests.swift in Sources */,
			);
			runOnlyForDeploymentPostprocessing = 0;
		};
/* End PBXSourcesBuildPhase section */

/* Begin PBXTargetDependency section */
		84F948FE26D7332A004FAD65 /* PBXTargetDependency */ = {
			isa = PBXTargetDependency;
			target = 84F948E526D73328004FAD65 /* ARKitDemo */;
			targetProxy = 84F948FD26D7332A004FAD65 /* PBXContainerItemProxy */;
		};
		84F9490926D7332A004FAD65 /* PBXTargetDependency */ = {
			isa = PBXTargetDependency;
			target = 84F948E526D73328004FAD65 /* ARKitDemo */;
			targetProxy = 84F9490826D7332A004FAD65 /* PBXContainerItemProxy */;
		};
/* End PBXTargetDependency section */

/* Begin PBXVariantGroup section */
		84F948F426D7332A004FAD65 /* LaunchScreen.storyboard */ = {
			isa = PBXVariantGroup;
			children = (
				84F948F526D7332A004FAD65 /* Base */,
			);
			name = LaunchScreen.storyboard;
			sourceTree = "<group>";
		};
/* End PBXVariantGroup section */

/* Begin XCBuildConfiguration section */
		84F9490E26D7332A004FAD65 /* Debug */ = {
			isa = XCBuildConfiguration;
			buildSettings = {
				ALWAYS_SEARCH_USER_PATHS = NO;
				CLANG_ANALYZER_NONNULL = YES;
				CLANG_ANALYZER_NUMBER_OBJECT_CONVERSION = YES_AGGRESSIVE;
				CLANG_CXX_LANGUAGE_STANDARD = "gnu++14";
				CLANG_CXX_LIBRARY = "libc++";
				CLANG_ENABLE_MODULES = YES;
				CLANG_ENABLE_OBJC_ARC = YES;
				CLANG_ENABLE_OBJC_WEAK = YES;
				CLANG_WARN_BLOCK_CAPTURE_AUTORELEASING = YES;
				CLANG_WARN_BOOL_CONVERSION = YES;
				CLANG_WARN_COMMA = YES;
				CLANG_WARN_CONSTANT_CONVERSION = YES;
				CLANG_WARN_DEPRECATED_OBJC_IMPLEMENTATIONS = YES;
				CLANG_WARN_DIRECT_OBJC_ISA_USAGE = YES_ERROR;
				CLANG_WARN_DOCUMENTATION_COMMENTS = YES;
				CLANG_WARN_EMPTY_BODY = YES;
				CLANG_WARN_ENUM_CONVERSION = YES;
				CLANG_WARN_INFINITE_RECURSION = YES;
				CLANG_WARN_INT_CONVERSION = YES;
				CLANG_WARN_NON_LITERAL_NULL_CONVERSION = YES;
				CLANG_WARN_OBJC_IMPLICIT_RETAIN_SELF = YES;
				CLANG_WARN_OBJC_LITERAL_CONVERSION = YES;
				CLANG_WARN_OBJC_ROOT_CLASS = YES_ERROR;
				CLANG_WARN_QUOTED_INCLUDE_IN_FRAMEWORK_HEADER = YES;
				CLANG_WARN_RANGE_LOOP_ANALYSIS = YES;
				CLANG_WARN_STRICT_PROTOTYPES = YES;
				CLANG_WARN_SUSPICIOUS_MOVE = YES;
				CLANG_WARN_UNGUARDED_AVAILABILITY = YES_AGGRESSIVE;
				CLANG_WARN_UNREACHABLE_CODE = YES;
				CLANG_WARN__DUPLICATE_METHOD_MATCH = YES;
				COPY_PHASE_STRIP = NO;
				DEBUG_INFORMATION_FORMAT = dwarf;
				ENABLE_STRICT_OBJC_MSGSEND = YES;
				ENABLE_TESTABILITY = YES;
				GCC_C_LANGUAGE_STANDARD = gnu11;
				GCC_DYNAMIC_NO_PIC = NO;
				GCC_NO_COMMON_BLOCKS = YES;
				GCC_OPTIMIZATION_LEVEL = 0;
				GCC_PREPROCESSOR_DEFINITIONS = (
					"DEBUG=1",
					"$(inherited)",
				);
				GCC_WARN_64_TO_32_BIT_CONVERSION = YES;
				GCC_WARN_ABOUT_RETURN_TYPE = YES_ERROR;
				GCC_WARN_UNDECLARED_SELECTOR = YES;
				GCC_WARN_UNINITIALIZED_AUTOS = YES_AGGRESSIVE;
				GCC_WARN_UNUSED_FUNCTION = YES;
				GCC_WARN_UNUSED_VARIABLE = YES;
				IPHONEOS_DEPLOYMENT_TARGET = 13.0;
				MTL_ENABLE_DEBUG_INFO = INCLUDE_SOURCE;
				MTL_FAST_MATH = YES;
				ONLY_ACTIVE_ARCH = YES;
				SDKROOT = iphoneos;
				SWIFT_ACTIVE_COMPILATION_CONDITIONS = DEBUG;
				SWIFT_OPTIMIZATION_LEVEL = "-Onone";
			};
			name = Debug;
		};
		84F9490F26D7332A004FAD65 /* Release */ = {
			isa = XCBuildConfiguration;
			buildSettings = {
				ALWAYS_SEARCH_USER_PATHS = NO;
				CLANG_ANALYZER_NONNULL = YES;
				CLANG_ANALYZER_NUMBER_OBJECT_CONVERSION = YES_AGGRESSIVE;
				CLANG_CXX_LANGUAGE_STANDARD = "gnu++14";
				CLANG_CXX_LIBRARY = "libc++";
				CLANG_ENABLE_MODULES = YES;
				CLANG_ENABLE_OBJC_ARC = YES;
				CLANG_ENABLE_OBJC_WEAK = YES;
				CLANG_WARN_BLOCK_CAPTURE_AUTORELEASING = YES;
				CLANG_WARN_BOOL_CONVERSION = YES;
				CLANG_WARN_COMMA = YES;
				CLANG_WARN_CONSTANT_CONVERSION = YES;
				CLANG_WARN_DEPRECATED_OBJC_IMPLEMENTATIONS = YES;
				CLANG_WARN_DIRECT_OBJC_ISA_USAGE = YES_ERROR;
				CLANG_WARN_DOCUMENTATION_COMMENTS = YES;
				CLANG_WARN_EMPTY_BODY = YES;
				CLANG_WARN_ENUM_CONVERSION = YES;
				CLANG_WARN_INFINITE_RECURSION = YES;
				CLANG_WARN_INT_CONVERSION = YES;
				CLANG_WARN_NON_LITERAL_NULL_CONVERSION = YES;
				CLANG_WARN_OBJC_IMPLICIT_RETAIN_SELF = YES;
				CLANG_WARN_OBJC_LITERAL_CONVERSION = YES;
				CLANG_WARN_OBJC_ROOT_CLASS = YES_ERROR;
				CLANG_WARN_QUOTED_INCLUDE_IN_FRAMEWORK_HEADER = YES;
				CLANG_WARN_RANGE_LOOP_ANALYSIS = YES;
				CLANG_WARN_STRICT_PROTOTYPES = YES;
				CLANG_WARN_SUSPICIOUS_MOVE = YES;
				CLANG_WARN_UNGUARDED_AVAILABILITY = YES_AGGRESSIVE;
				CLANG_WARN_UNREACHABLE_CODE = YES;
				CLANG_WARN__DUPLICATE_METHOD_MATCH = YES;
				COPY_PHASE_STRIP = NO;
				DEBUG_INFORMATION_FORMAT = "dwarf-with-dsym";
				ENABLE_NS_ASSERTIONS = NO;
				ENABLE_STRICT_OBJC_MSGSEND = YES;
				GCC_C_LANGUAGE_STANDARD = gnu11;
				GCC_NO_COMMON_BLOCKS = YES;
				GCC_WARN_64_TO_32_BIT_CONVERSION = YES;
				GCC_WARN_ABOUT_RETURN_TYPE = YES_ERROR;
				GCC_WARN_UNDECLARED_SELECTOR = YES;
				GCC_WARN_UNINITIALIZED_AUTOS = YES_AGGRESSIVE;
				GCC_WARN_UNUSED_FUNCTION = YES;
				GCC_WARN_UNUSED_VARIABLE = YES;
				IPHONEOS_DEPLOYMENT_TARGET = 13.0;
				MTL_ENABLE_DEBUG_INFO = NO;
				MTL_FAST_MATH = YES;
				SDKROOT = iphoneos;
				SWIFT_COMPILATION_MODE = wholemodule;
				SWIFT_OPTIMIZATION_LEVEL = "-O";
				VALIDATE_PRODUCT = YES;
			};
			name = Release;
		};
		84F9491126D7332A004FAD65 /* Debug */ = {
			isa = XCBuildConfiguration;
			baseConfigurationReference = 57823DFF1D6F6A2B291E4B1D /* Pods-ARKitDemo.debug.xcconfig */;
			buildSettings = {
				ASSETCATALOG_COMPILER_APPICON_NAME = AppIcon;
				ASSETCATALOG_COMPILER_GLOBAL_ACCENT_COLOR_NAME = AccentColor;
				CODE_SIGN_STYLE = Automatic;
				DEVELOPMENT_TEAM = 2HSQ24Z864;
				INFOPLIST_FILE = ARKitDemo/Info.plist;
				IPHONEOS_DEPLOYMENT_TARGET = 13.0;
				LD_RUNPATH_SEARCH_PATHS = (
					"$(inherited)",
					"@executable_path/Frameworks",
				);
				PRODUCT_BUNDLE_IDENTIFIER = com.yhx.ARKitDemo;
				PRODUCT_NAME = "$(TARGET_NAME)";
				SWIFT_VERSION = 5.0;
				TARGETED_DEVICE_FAMILY = 1;
			};
			name = Debug;
		};
		84F9491226D7332A004FAD65 /* Release */ = {
			isa = XCBuildConfiguration;
			baseConfigurationReference = 409F5CCDD6F1910EACBFAD03 /* Pods-ARKitDemo.release.xcconfig */;
			buildSettings = {
				ASSETCATALOG_COMPILER_APPICON_NAME = AppIcon;
				ASSETCATALOG_COMPILER_GLOBAL_ACCENT_COLOR_NAME = AccentColor;
				CODE_SIGN_STYLE = Automatic;
				DEVELOPMENT_TEAM = 2HSQ24Z864;
				INFOPLIST_FILE = ARKitDemo/Info.plist;
				IPHONEOS_DEPLOYMENT_TARGET = 13.0;
				LD_RUNPATH_SEARCH_PATHS = (
					"$(inherited)",
					"@executable_path/Frameworks",
				);
				PRODUCT_BUNDLE_IDENTIFIER = com.yhx.ARKitDemo;
				PRODUCT_NAME = "$(TARGET_NAME)";
				SWIFT_VERSION = 5.0;
				TARGETED_DEVICE_FAMILY = 1;
			};
			name = Release;
		};
		84F9491426D7332A004FAD65 /* Debug */ = {
			isa = XCBuildConfiguration;
			buildSettings = {
				ALWAYS_EMBED_SWIFT_STANDARD_LIBRARIES = YES;
				BUNDLE_LOADER = "$(TEST_HOST)";
				CODE_SIGN_STYLE = Automatic;
				INFOPLIST_FILE = ARKitDemoTests/Info.plist;
				IPHONEOS_DEPLOYMENT_TARGET = 14.5;
				LD_RUNPATH_SEARCH_PATHS = (
					"$(inherited)",
					"@executable_path/Frameworks",
					"@loader_path/Frameworks",
				);
				PRODUCT_BUNDLE_IDENTIFIER = com.yhx.ARKitDemoTests;
				PRODUCT_NAME = "$(TARGET_NAME)";
				SWIFT_VERSION = 5.0;
				TARGETED_DEVICE_FAMILY = "1,2";
				TEST_HOST = "$(BUILT_PRODUCTS_DIR)/ARKitDemo.app/ARKitDemo";
			};
			name = Debug;
		};
		84F9491526D7332A004FAD65 /* Release */ = {
			isa = XCBuildConfiguration;
			buildSettings = {
				ALWAYS_EMBED_SWIFT_STANDARD_LIBRARIES = YES;
				BUNDLE_LOADER = "$(TEST_HOST)";
				CODE_SIGN_STYLE = Automatic;
				INFOPLIST_FILE = ARKitDemoTests/Info.plist;
				IPHONEOS_DEPLOYMENT_TARGET = 14.5;
				LD_RUNPATH_SEARCH_PATHS = (
					"$(inherited)",
					"@executable_path/Frameworks",
					"@loader_path/Frameworks",
				);
				PRODUCT_BUNDLE_IDENTIFIER = com.yhx.ARKitDemoTests;
				PRODUCT_NAME = "$(TARGET_NAME)";
				SWIFT_VERSION = 5.0;
				TARGETED_DEVICE_FAMILY = "1,2";
				TEST_HOST = "$(BUILT_PRODUCTS_DIR)/ARKitDemo.app/ARKitDemo";
			};
			name = Release;
		};
		84F9491726D7332A004FAD65 /* Debug */ = {
			isa = XCBuildConfiguration;
			buildSettings = {
				ALWAYS_EMBED_SWIFT_STANDARD_LIBRARIES = YES;
				CODE_SIGN_STYLE = Automatic;
				INFOPLIST_FILE = ARKitDemoUITests/Info.plist;
				LD_RUNPATH_SEARCH_PATHS = (
					"$(inherited)",
					"@executable_path/Frameworks",
					"@loader_path/Frameworks",
				);
				PRODUCT_BUNDLE_IDENTIFIER = com.yhx.ARKitDemoUITests;
				PRODUCT_NAME = "$(TARGET_NAME)";
				SWIFT_VERSION = 5.0;
				TARGETED_DEVICE_FAMILY = "1,2";
				TEST_TARGET_NAME = ARKitDemo;
			};
			name = Debug;
		};
		84F9491826D7332A004FAD65 /* Release */ = {
			isa = XCBuildConfiguration;
			buildSettings = {
				ALWAYS_EMBED_SWIFT_STANDARD_LIBRARIES = YES;
				CODE_SIGN_STYLE = Automatic;
				INFOPLIST_FILE = ARKitDemoUITests/Info.plist;
				LD_RUNPATH_SEARCH_PATHS = (
					"$(inherited)",
					"@executable_path/Frameworks",
					"@loader_path/Frameworks",
				);
				PRODUCT_BUNDLE_IDENTIFIER = com.yhx.ARKitDemoUITests;
				PRODUCT_NAME = "$(TARGET_NAME)";
				SWIFT_VERSION = 5.0;
				TARGETED_DEVICE_FAMILY = "1,2";
				TEST_TARGET_NAME = ARKitDemo;
			};
			name = Release;
		};
/* End XCBuildConfiguration section */

/* Begin XCConfigurationList section */
		84F948E126D73328004FAD65 /* Build configuration list for PBXProject "ARKitDemo" */ = {
			isa = XCConfigurationList;
			buildConfigurations = (
				84F9490E26D7332A004FAD65 /* Debug */,
				84F9490F26D7332A004FAD65 /* Release */,
			);
			defaultConfigurationIsVisible = 0;
			defaultConfigurationName = Release;
		};
		84F9491026D7332A004FAD65 /* Build configuration list for PBXNativeTarget "ARKitDemo" */ = {
			isa = XCConfigurationList;
			buildConfigurations = (
				84F9491126D7332A004FAD65 /* Debug */,
				84F9491226D7332A004FAD65 /* Release */,
			);
			defaultConfigurationIsVisible = 0;
			defaultConfigurationName = Release;
		};
		84F9491326D7332A004FAD65 /* Build configuration list for PBXNativeTarget "ARKitDemoTests" */ = {
			isa = XCConfigurationList;
			buildConfigurations = (
				84F9491426D7332A004FAD65 /* Debug */,
				84F9491526D7332A004FAD65 /* Release */,
			);
			defaultConfigurationIsVisible = 0;
			defaultConfigurationName = Release;
		};
		84F9491626D7332A004FAD65 /* Build configuration list for PBXNativeTarget "ARKitDemoUITests" */ = {
			isa = XCConfigurationList;
			buildConfigurations = (
				84F9491726D7332A004FAD65 /* Debug */,
				84F9491826D7332A004FAD65 /* Release */,
			);
			defaultConfigurationIsVisible = 0;
			defaultConfigurationName = Release;
		};
/* End XCConfigurationList section */
	};
	rootObject = 84F948DE26D73328004FAD65 /* Project object */;
}
